// !$*UTF8*$!
{
	archiveVersion = 1;
	classes = {
	};
	objectVersion = 77;
	objects = {

/* Begin PBXBuildFile section */
		E7520D092DD66BEE00574292 /* TestingExpectation in Frameworks */ = {isa = PBXBuildFile; productRef = E7520D082DD66BEE00574292 /* TestingExpectation */; };
		E766EFA02DD1F0840056BCCA /* Shared in Frameworks */ = {isa = PBXBuildFile; productRef = E766EF9F2DD1F0840056BCCA /* Shared */; };
		E766EFA22DD1F0840056BCCA /* SharedMocks in Frameworks */ = {isa = PBXBuildFile; productRef = E766EFA12DD1F0840056BCCA /* SharedMocks */; };
/* End PBXBuildFile section */

/* Begin PBXContainerItemProxy section */
		E7520CD32DD6676C00574292 /* PBXContainerItemProxy */ = {
			isa = PBXContainerItemProxy;
			containerPortal = E7636F0F2DCF3A0100BE56A1 /* Project object */;
			proxyType = 1;
			remoteGlobalIDString = E7636F162DCF3A0100BE56A1;
			remoteInfo = "NEWBLACK X";
		};
/* End PBXContainerItemProxy section */

/* Begin PBXFileReference section */
		E713F6B32DCF3BB40031F51D /* Networking */ = {isa = PBXFileReference; lastKnownFileType = wrapper; path = Networking; sourceTree = "<group>"; };
		E713F6BA2DD08D980031F51D /* Core */ = {isa = PBXFileReference; lastKnownFileType = wrapper; path = Core; sourceTree = "<group>"; };
		E7520CCF2DD6676C00574292 /* NEWBLACK XTests.xctest */ = {isa = PBXFileReference; explicitFileType = wrapper.cfbundle; includeInIndex = 0; path = "NEWBLACK XTests.xctest"; sourceTree = BUILT_PRODUCTS_DIR; };
		E7636F172DCF3A0100BE56A1 /* NEWBLACK X.app */ = {isa = PBXFileReference; explicitFileType = wrapper.application; includeInIndex = 0; path = "NEWBLACK X.app"; sourceTree = BUILT_PRODUCTS_DIR; };
		E7E293572DD5F40F003DEBB0 /* TestPlan.xctestplan */ = {isa = PBXFileReference; lastKnownFileType = text; path = TestPlan.xctestplan; sourceTree = "<group>"; };
/* End PBXFileReference section */

/* Begin PBXFileSystemSynchronizedRootGroup section */
		E7520CD02DD6676C00574292 /* NEWBLACK XTests */ = {
			isa = PBXFileSystemSynchronizedRootGroup;
			path = "NEWBLACK XTests";
			sourceTree = "<group>";
		};
		E7636F192DCF3A0100BE56A1 /* NEWBLACK X */ = {
			isa = PBXFileSystemSynchronizedRootGroup;
			path = "NEWBLACK X";
			sourceTree = "<group>";
		};
/* End PBXFileSystemSynchronizedRootGroup section */

/* Begin PBXFrameworksBuildPhase section */
		E7520CCC2DD6676C00574292 /* Frameworks */ = {
			isa = PBXFrameworksBuildPhase;
			buildActionMask = 2147483647;
			files = (
				E7520D092DD66BEE00574292 /* TestingExpectation in Frameworks */,
			);
			runOnlyForDeploymentPostprocessing = 0;
		};
		E7636F142DCF3A0100BE56A1 /* Frameworks */ = {
			isa = PBXFrameworksBuildPhase;
			buildActionMask = 2147483647;
			files = (
				E766EFA02DD1F0840056BCCA /* Shared in Frameworks */,
				E766EFA22DD1F0840056BCCA /* SharedMocks in Frameworks */,
			);
			runOnlyForDeploymentPostprocessing = 0;
		};
/* End PBXFrameworksBuildPhase section */

/* Begin PBXGroup section */
		E713F6B42DCF3BDD0031F51D /* Frameworks */ = {
			isa = PBXGroup;
			children = (
			);
			name = Frameworks;
			sourceTree = "<group>";
		};
		E7636F0E2DCF3A0100BE56A1 = {
			isa = PBXGroup;
			children = (
				E7E293572DD5F40F003DEBB0 /* TestPlan.xctestplan */,
				E798A0DB2DCF3AFE0019DAE6 /* Packages */,
				E7636F192DCF3A0100BE56A1 /* NEWBLACK X */,
				E7520CD02DD6676C00574292 /* NEWBLACK XTests */,
				E713F6B42DCF3BDD0031F51D /* Frameworks */,
				E7636F182DCF3A0100BE56A1 /* Products */,
			);
			sourceTree = "<group>";
		};
		E7636F182DCF3A0100BE56A1 /* Products */ = {
			isa = PBXGroup;
			children = (
				E7636F172DCF3A0100BE56A1 /* NEWBLACK X.app */,
				E7520CCF2DD6676C00574292 /* NEWBLACK XTests.xctest */,
			);
			name = Products;
			sourceTree = "<group>";
		};
		E798A0DB2DCF3AFE0019DAE6 /* Packages */ = {
			isa = PBXGroup;
			children = (
				E713F6BA2DD08D980031F51D /* Core */,
				E713F6B32DCF3BB40031F51D /* Networking */,
			);
			path = Packages;
			sourceTree = "<group>";
		};
/* End PBXGroup section */

/* Begin PBXNativeTarget section */
		E7520CCE2DD6676C00574292 /* NEWBLACK XTests */ = {
			isa = PBXNativeTarget;
			buildConfigurationList = E7520CD52DD6676C00574292 /* Build configuration list for PBXNativeTarget "NEWBLACK XTests" */;
			buildPhases = (
				E7520CCB2DD6676C00574292 /* Sources */,
				E7520CCC2DD6676C00574292 /* Frameworks */,
				E7520CCD2DD6676C00574292 /* Resources */,
			);
			buildRules = (
			);
			dependencies = (
				E7520CD42DD6676C00574292 /* PBXTargetDependency */,
			);
			fileSystemSynchronizedGroups = (
				E7520CD02DD6676C00574292 /* NEWBLACK XTests */,
			);
			name = "NEWBLACK XTests";
			packageProductDependencies = (
				E7520D082DD66BEE00574292 /* TestingExpectation */,
			);
			productName = "NEWBLACK XTests";
			productReference = E7520CCF2DD6676C00574292 /* NEWBLACK XTests.xctest */;
			productType = "com.apple.product-type.bundle.unit-test";
		};
		E7636F162DCF3A0100BE56A1 /* NEWBLACK X */ = {
			isa = PBXNativeTarget;
			buildConfigurationList = E7636F222DCF3A0200BE56A1 /* Build configuration list for PBXNativeTarget "NEWBLACK X" */;
			buildPhases = (
				E7636F132DCF3A0100BE56A1 /* Sources */,
				E7636F142DCF3A0100BE56A1 /* Frameworks */,
				E7636F152DCF3A0100BE56A1 /* Resources */,
			);
			buildRules = (
			);
			dependencies = (
			);
			fileSystemSynchronizedGroups = (
				E7636F192DCF3A0100BE56A1 /* NEWBLACK X */,
			);
			name = "NEWBLACK X";
			packageProductDependencies = (
				E766EF9F2DD1F0840056BCCA /* Shared */,
				E766EFA12DD1F0840056BCCA /* SharedMocks */,
			);
			productName = "NEWBLACK X";
			productReference = E7636F172DCF3A0100BE56A1 /* NEWBLACK X.app */;
			productType = "com.apple.product-type.application";
		};
/* End PBXNativeTarget section */

/* Begin PBXProject section */
		E7636F0F2DCF3A0100BE56A1 /* Project object */ = {
			isa = PBXProject;
			attributes = {
				BuildIndependentTargetsInParallel = 1;
				LastSwiftUpdateCheck = 1630;
				LastUpgradeCheck = 1630;
				TargetAttributes = {
					E7520CCE2DD6676C00574292 = {
						CreatedOnToolsVersion = 16.3;
						TestTargetID = E7636F162DCF3A0100BE56A1;
					};
					E7636F162DCF3A0100BE56A1 = {
						CreatedOnToolsVersion = 16.3;
					};
				};
			};
			buildConfigurationList = E7636F122DCF3A0100BE56A1 /* Build configuration list for PBXProject "NEWBLACK X" */;
			developmentRegion = en;
			hasScannedForEncodings = 0;
			knownRegions = (
				en,
				Base,
			);
			mainGroup = E7636F0E2DCF3A0100BE56A1;
			minimizedProjectReferenceProxies = 1;
			packageReferences = (
				E7520D072DD66BEE00574292 /* XCRemoteSwiftPackageReference "swift-testing-expectation" */,
			);
			preferredProjectObjectVersion = 77;
			productRefGroup = E7636F182DCF3A0100BE56A1 /* Products */;
			projectDirPath = "";
			projectRoot = "";
			targets = (
				E7636F162DCF3A0100BE56A1 /* NEWBLACK X */,
				E7520CCE2DD6676C00574292 /* NEWBLACK XTests */,
			);
		};
/* End PBXProject section */

/* Begin PBXResourcesBuildPhase section */
		E7520CCD2DD6676C00574292 /* Resources */ = {
			isa = PBXResourcesBuildPhase;
			buildActionMask = 2147483647;
			files = (
			);
			runOnlyForDeploymentPostprocessing = 0;
		};
		E7636F152DCF3A0100BE56A1 /* Resources */ = {
			isa = PBXResourcesBuildPhase;
			buildActionMask = 2147483647;
			files = (
			);
			runOnlyForDeploymentPostprocessing = 0;
		};
/* End PBXResourcesBuildPhase section */

/* Begin PBXSourcesBuildPhase section */
		E7520CCB2DD6676C00574292 /* Sources */ = {
			isa = PBXSourcesBuildPhase;
			buildActionMask = 2147483647;
			files = (
			);
			runOnlyForDeploymentPostprocessing = 0;
		};
		E7636F132DCF3A0100BE56A1 /* Sources */ = {
			isa = PBXSourcesBuildPhase;
			buildActionMask = 2147483647;
			files = (
			);
			runOnlyForDeploymentPostprocessing = 0;
		};
/* End PBXSourcesBuildPhase section */

/* Begin PBXTargetDependency section */
		E7520CD42DD6676C00574292 /* PBXTargetDependency */ = {
			isa = PBXTargetDependency;
			target = E7636F162DCF3A0100BE56A1 /* NEWBLACK X */;
			targetProxy = E7520CD32DD6676C00574292 /* PBXContainerItemProxy */;
		};
/* End PBXTargetDependency section */

/* Begin XCBuildConfiguration section */
		E7520CD62DD6676C00574292 /* Debug */ = {
			isa = XCBuildConfiguration;
			buildSettings = {
				BUNDLE_LOADER = "$(TEST_HOST)";
				CODE_SIGN_STYLE = Automatic;
				CURRENT_PROJECT_VERSION = 1;
				DEVELOPMENT_TEAM = LDC94ACL34;
				GENERATE_INFOPLIST_FILE = YES;
				MARKETING_VERSION = 1.0;
				PRODUCT_BUNDLE_IDENTIFIER = "dev.skwiggs.NEWBLACK-XTests";
				PRODUCT_NAME = "$(TARGET_NAME)";
				SWIFT_EMIT_LOC_STRINGS = NO;
				SWIFT_VERSION = 5.0;
				TARGETED_DEVICE_FAMILY = "1,2";
				TEST_HOST = "$(BUILT_PRODUCTS_DIR)/NEWBLACK X.app/$(BUNDLE_EXECUTABLE_FOLDER_PATH)/NEWBLACK X";
			};
			name = Debug;
		};
		E7520CD72DD6676C00574292 /* Release */ = {
			isa = XCBuildConfiguration;
			buildSettings = {
				BUNDLE_LOADER = "$(TEST_HOST)";
				CODE_SIGN_STYLE = Automatic;
				CURRENT_PROJECT_VERSION = 1;
				DEVELOPMENT_TEAM = LDC94ACL34;
				GENERATE_INFOPLIST_FILE = YES;
				MARKETING_VERSION = 1.0;
				PRODUCT_BUNDLE_IDENTIFIER = "dev.skwiggs.NEWBLACK-XTests";
				PRODUCT_NAME = "$(TARGET_NAME)";
				SWIFT_EMIT_LOC_STRINGS = NO;
				SWIFT_VERSION = 5.0;
				TARGETED_DEVICE_FAMILY = "1,2";
				TEST_HOST = "$(BUILT_PRODUCTS_DIR)/NEWBLACK X.app/$(BUNDLE_EXECUTABLE_FOLDER_PATH)/NEWBLACK X";
			};
			name = Release;
		};
		E7636F202DCF3A0200BE56A1 /* Debug */ = {
			isa = XCBuildConfiguration;
			buildSettings = {
				ALWAYS_SEARCH_USER_PATHS = NO;
				ASSETCATALOG_COMPILER_GENERATE_SWIFT_ASSET_SYMBOL_EXTENSIONS = YES;
				CLANG_ANALYZER_NONNULL = YES;
				CLANG_ANALYZER_NUMBER_OBJECT_CONVERSION = YES_AGGRESSIVE;
				CLANG_CXX_LANGUAGE_STANDARD = "gnu++20";
				CLANG_ENABLE_MODULES = YES;
				CLANG_ENABLE_OBJC_ARC = YES;
				CLANG_ENABLE_OBJC_WEAK = YES;
				CLANG_WARN_BLOCK_CAPTURE_AUTORELEASING = YES;
				CLANG_WARN_BOOL_CONVERSION = YES;
				CLANG_WARN_COMMA = YES;
				CLANG_WARN_CONSTANT_CONVERSION = YES;
				CLANG_WARN_DEPRECATED_OBJC_IMPLEMENTATIONS = YES;
				CLANG_WARN_DIRECT_OBJC_ISA_USAGE = YES_ERROR;
				CLANG_WARN_DOCUMENTATION_COMMENTS = YES;
				CLANG_WARN_EMPTY_BODY = YES;
				CLANG_WARN_ENUM_CONVERSION = YES;
				CLANG_WARN_INFINITE_RECURSION = YES;
				CLANG_WARN_INT_CONVERSION = YES;
				CLANG_WARN_NON_LITERAL_NULL_CONVERSION = YES;
				CLANG_WARN_OBJC_IMPLICIT_RETAIN_SELF = YES;
				CLANG_WARN_OBJC_LITERAL_CONVERSION = YES;
				CLANG_WARN_OBJC_ROOT_CLASS = YES_ERROR;
				CLANG_WARN_QUOTED_INCLUDE_IN_FRAMEWORK_HEADER = YES;
				CLANG_WARN_RANGE_LOOP_ANALYSIS = YES;
				CLANG_WARN_STRICT_PROTOTYPES = YES;
				CLANG_WARN_SUSPICIOUS_MOVE = YES;
				CLANG_WARN_UNGUARDED_AVAILABILITY = YES_AGGRESSIVE;
				CLANG_WARN_UNREACHABLE_CODE = YES;
				CLANG_WARN__DUPLICATE_METHOD_MATCH = YES;
				COPY_PHASE_STRIP = NO;
				DEBUG_INFORMATION_FORMAT = dwarf;
				DEVELOPMENT_TEAM = LDC94ACL34;
				ENABLE_STRICT_OBJC_MSGSEND = YES;
				ENABLE_TESTABILITY = YES;
				ENABLE_USER_SCRIPT_SANDBOXING = YES;
				GCC_C_LANGUAGE_STANDARD = gnu17;
				GCC_DYNAMIC_NO_PIC = NO;
				GCC_NO_COMMON_BLOCKS = YES;
				GCC_OPTIMIZATION_LEVEL = 0;
				GCC_PREPROCESSOR_DEFINITIONS = (
					"DEBUG=1",
					"$(inherited)",
				);
				GCC_WARN_64_TO_32_BIT_CONVERSION = YES;
				GCC_WARN_ABOUT_RETURN_TYPE = YES_ERROR;
				GCC_WARN_UNDECLARED_SELECTOR = YES;
				GCC_WARN_UNINITIALIZED_AUTOS = YES_AGGRESSIVE;
				GCC_WARN_UNUSED_FUNCTION = YES;
				GCC_WARN_UNUSED_VARIABLE = YES;
				IPHONEOS_DEPLOYMENT_TARGET = 18.4;
				LOCALIZATION_PREFERS_STRING_CATALOGS = YES;
				MTL_ENABLE_DEBUG_INFO = INCLUDE_SOURCE;
				MTL_FAST_MATH = YES;
				ONLY_ACTIVE_ARCH = YES;
				SDKROOT = iphoneos;
				SWIFT_ACTIVE_COMPILATION_CONDITIONS = "DEBUG $(inherited)";
				SWIFT_OPTIMIZATION_LEVEL = "-Onone";
			};
			name = Debug;
		};
		E7636F212DCF3A0200BE56A1 /* Release */ = {
			isa = XCBuildConfiguration;
			buildSettings = {
				ALWAYS_SEARCH_USER_PATHS = NO;
				ASSETCATALOG_COMPILER_GENERATE_SWIFT_ASSET_SYMBOL_EXTENSIONS = YES;
				CLANG_ANALYZER_NONNULL = YES;
				CLANG_ANALYZER_NUMBER_OBJECT_CONVERSION = YES_AGGRESSIVE;
				CLANG_CXX_LANGUAGE_STANDARD = "gnu++20";
				CLANG_ENABLE_MODULES = YES;
				CLANG_ENABLE_OBJC_ARC = YES;
				CLANG_ENABLE_OBJC_WEAK = YES;
				CLANG_WARN_BLOCK_CAPTURE_AUTORELEASING = YES;
				CLANG_WARN_BOOL_CONVERSION = YES;
				CLANG_WARN_COMMA = YES;
				CLANG_WARN_CONSTANT_CONVERSION = YES;
				CLANG_WARN_DEPRECATED_OBJC_IMPLEMENTATIONS = YES;
				CLANG_WARN_DIRECT_OBJC_ISA_USAGE = YES_ERROR;
				CLANG_WARN_DOCUMENTATION_COMMENTS = YES;
				CLANG_WARN_EMPTY_BODY = YES;
				CLANG_WARN_ENUM_CONVERSION = YES;
				CLANG_WARN_INFINITE_RECURSION = YES;
				CLANG_WARN_INT_CONVERSION = YES;
				CLANG_WARN_NON_LITERAL_NULL_CONVERSION = YES;
				CLANG_WARN_OBJC_IMPLICIT_RETAIN_SELF = YES;
				CLANG_WARN_OBJC_LITERAL_CONVERSION = YES;
				CLANG_WARN_OBJC_ROOT_CLASS = YES_ERROR;
				CLANG_WARN_QUOTED_INCLUDE_IN_FRAMEWORK_HEADER = YES;
				CLANG_WARN_RANGE_LOOP_ANALYSIS = YES;
				CLANG_WARN_STRICT_PROTOTYPES = YES;
				CLANG_WARN_SUSPICIOUS_MOVE = YES;
				CLANG_WARN_UNGUARDED_AVAILABILITY = YES_AGGRESSIVE;
				CLANG_WARN_UNREACHABLE_CODE = YES;
				CLANG_WARN__DUPLICATE_METHOD_MATCH = YES;
				COPY_PHASE_STRIP = NO;
				DEBUG_INFORMATION_FORMAT = "dwarf-with-dsym";
				DEVELOPMENT_TEAM = LDC94ACL34;
				ENABLE_NS_ASSERTIONS = NO;
				ENABLE_STRICT_OBJC_MSGSEND = YES;
				ENABLE_USER_SCRIPT_SANDBOXING = YES;
				GCC_C_LANGUAGE_STANDARD = gnu17;
				GCC_NO_COMMON_BLOCKS = YES;
				GCC_WARN_64_TO_32_BIT_CONVERSION = YES;
				GCC_WARN_ABOUT_RETURN_TYPE = YES_ERROR;
				GCC_WARN_UNDECLARED_SELECTOR = YES;
				GCC_WARN_UNINITIALIZED_AUTOS = YES_AGGRESSIVE;
				GCC_WARN_UNUSED_FUNCTION = YES;
				GCC_WARN_UNUSED_VARIABLE = YES;
				IPHONEOS_DEPLOYMENT_TARGET = 18.4;
				LOCALIZATION_PREFERS_STRING_CATALOGS = YES;
				MTL_ENABLE_DEBUG_INFO = NO;
				MTL_FAST_MATH = YES;
				SDKROOT = iphoneos;
				SWIFT_COMPILATION_MODE = wholemodule;
				VALIDATE_PRODUCT = YES;
			};
			name = Release;
		};
		E7636F232DCF3A0200BE56A1 /* Debug */ = {
			isa = XCBuildConfiguration;
			buildSettings = {
				ASSETCATALOG_COMPILER_APPICON_NAME = AppIcon;
				ASSETCATALOG_COMPILER_GLOBAL_ACCENT_COLOR_NAME = AccentColor;
				CODE_SIGN_STYLE = Automatic;
				CURRENT_PROJECT_VERSION = 1;
				DEVELOPMENT_TEAM = LDC94ACL34;
				ENABLE_PREVIEWS = YES;
				GENERATE_INFOPLIST_FILE = YES;
				INFOPLIST_KEY_CFBundleDisplayName = "NEWBLACK X";
				INFOPLIST_KEY_UIApplicationSceneManifest_Generation = YES;
				INFOPLIST_KEY_UIApplicationSupportsIndirectInputEvents = YES;
				INFOPLIST_KEY_UILaunchScreen_Generation = YES;
				INFOPLIST_KEY_UISupportedInterfaceOrientations = UIInterfaceOrientationPortrait;
				INFOPLIST_KEY_UISupportedInterfaceOrientations_iPad = "UIInterfaceOrientationLandscapeLeft UIInterfaceOrientationLandscapeRight UIInterfaceOrientationPortrait UIInterfaceOrientationPortraitUpsideDown";
				LD_RUNPATH_SEARCH_PATHS = (
					"$(inherited)",
					"@executable_path/Frameworks",
				);
				MARKETING_VERSION = 0.1;
				PRODUCT_BUNDLE_IDENTIFIER = "dev.skwiggs.NEWBLACK-X";
				PRODUCT_NAME = "$(TARGET_NAME)";
				SUPPORTED_PLATFORMS = "iphoneos iphonesimulator";
				SUPPORTS_MACCATALYST = NO;
				SUPPORTS_MAC_DESIGNED_FOR_IPHONE_IPAD = NO;
				SUPPORTS_XR_DESIGNED_FOR_IPHONE_IPAD = NO;
				SWIFT_EMIT_LOC_STRINGS = YES;
				SWIFT_VERSION = 5.0;
				TARGETED_DEVICE_FAMILY = 1;
			};
			name = Debug;
		};
		E7636F242DCF3A0200BE56A1 /* Release */ = {
			isa = XCBuildConfiguration;
			buildSettings = {
				ASSETCATALOG_COMPILER_APPICON_NAME = AppIcon;
				ASSETCATALOG_COMPILER_GLOBAL_ACCENT_COLOR_NAME = AccentColor;
				CODE_SIGN_STYLE = Automatic;
				CURRENT_PROJECT_VERSION = 1;
				DEVELOPMENT_TEAM = LDC94ACL34;
				ENABLE_PREVIEWS = YES;
				GENERATE_INFOPLIST_FILE = YES;
				INFOPLIST_KEY_CFBundleDisplayName = "NEWBLACK X";
				INFOPLIST_KEY_UIApplicationSceneManifest_Generation = YES;
				INFOPLIST_KEY_UIApplicationSupportsIndirectInputEvents = YES;
				INFOPLIST_KEY_UILaunchScreen_Generation = YES;
				INFOPLIST_KEY_UISupportedInterfaceOrientations = UIInterfaceOrientationPortrait;
				INFOPLIST_KEY_UISupportedInterfaceOrientations_iPad = "UIInterfaceOrientationLandscapeLeft UIInterfaceOrientationLandscapeRight UIInterfaceOrientationPortrait UIInterfaceOrientationPortraitUpsideDown";
				LD_RUNPATH_SEARCH_PATHS = (
					"$(inherited)",
					"@executable_path/Frameworks",
				);
				MARKETING_VERSION = 0.1;
				PRODUCT_BUNDLE_IDENTIFIER = "dev.skwiggs.NEWBLACK-X";
				PRODUCT_NAME = "$(TARGET_NAME)";
				SUPPORTED_PLATFORMS = "iphoneos iphonesimulator";
				SUPPORTS_MACCATALYST = NO;
				SUPPORTS_MAC_DESIGNED_FOR_IPHONE_IPAD = NO;
				SUPPORTS_XR_DESIGNED_FOR_IPHONE_IPAD = NO;
				SWIFT_EMIT_LOC_STRINGS = YES;
				SWIFT_VERSION = 5.0;
				TARGETED_DEVICE_FAMILY = 1;
			};
			name = Release;
		};
/* End XCBuildConfiguration section */

/* Begin XCConfigurationList section */
		E7520CD52DD6676C00574292 /* Build configuration list for PBXNativeTarget "NEWBLACK XTests" */ = {
			isa = XCConfigurationList;
			buildConfigurations = (
				E7520CD62DD6676C00574292 /* Debug */,
				E7520CD72DD6676C00574292 /* Release */,
			);
			defaultConfigurationIsVisible = 0;
			defaultConfigurationName = Release;
		};
		E7636F122DCF3A0100BE56A1 /* Build configuration list for PBXProject "NEWBLACK X" */ = {
			isa = XCConfigurationList;
			buildConfigurations = (
				E7636F202DCF3A0200BE56A1 /* Debug */,
				E7636F212DCF3A0200BE56A1 /* Release */,
			);
			defaultConfigurationIsVisible = 0;
			defaultConfigurationName = Release;
		};
		E7636F222DCF3A0200BE56A1 /* Build configuration list for PBXNativeTarget "NEWBLACK X" */ = {
			isa = XCConfigurationList;
			buildConfigurations = (
				E7636F232DCF3A0200BE56A1 /* Debug */,
				E7636F242DCF3A0200BE56A1 /* Release */,
			);
			defaultConfigurationIsVisible = 0;
			defaultConfigurationName = Release;
		};
/* End XCConfigurationList section */

/* Begin XCRemoteSwiftPackageReference section */
		E7520D072DD66BEE00574292 /* XCRemoteSwiftPackageReference "swift-testing-expectation" */ = {
			isa = XCRemoteSwiftPackageReference;
			repositoryURL = "https://github.com/dfed/swift-testing-expectation";
			requirement = {
				kind = upToNextMinorVersion;
				minimumVersion = 0.1.3;
			};
		};
/* End XCRemoteSwiftPackageReference section */

/* Begin XCSwiftPackageProductDependency section */
		E7520D082DD66BEE00574292 /* TestingExpectation */ = {
			isa = XCSwiftPackageProductDependency;
			package = E7520D072DD66BEE00574292 /* XCRemoteSwiftPackageReference "swift-testing-expectation" */;
			productName = TestingExpectation;
		};
		E766EF9F2DD1F0840056BCCA /* Shared */ = {
			isa = XCSwiftPackageProductDependency;
			productName = Shared;
		};
		E766EFA12DD1F0840056BCCA /* SharedMocks */ = {
			isa = XCSwiftPackageProductDependency;
			productName = SharedMocks;
		};
/* End XCSwiftPackageProductDependency section */
	};
	rootObject = E7636F0F2DCF3A0100BE56A1 /* Project object */;
}
