{
  "originHash" : "234bd594cd64241f0b1262b7bc90f01a55459d74dc8f751076d6cd68950cc5e9",
  "pins" : [
    {
      "identity" : "factory",
      "kind" : "remoteSourceControl",
      "location" : "https://github.com/hmlongco/Factory",
      "state" : {
        "revision" : "22157b88670bbeac591895c0fc8b8f7f340cf757",
        "version" : "2.5.0"
      }
    }
  ],
  "version" : 3
}
